
Microsoft Visual Studio Solution File, Format Version 12.00
# Visual Studio Version 16
VisualStudioVersion = 16.0.32002.261
MinimumVisualStudioVersion = 10.0.40219.1
Project("{FAE04EC0-301F-11D3-BF4B-00C04F79EFBC}") = "IIIFDownloader", "IIIFDownloader\IIIFDownloader.csproj", "{2F4A0FC5-D7F5-4467-AEF3-0A5BFF9C4275}"
EndProject
Global
	GlobalSection(SolutionConfigurationPlatforms) = preSolution
		Debug|Any CPU = Debug|Any CPU
		Release|Any CPU = Release|Any CPU
	EndGlobalSection
	GlobalSection(ProjectConfigurationPlatforms) = postSolution
		{2F4A0FC5-D7F5-4467-AEF3-0A5BFF9C4275}.Debug|Any CPU.ActiveCfg = Debug|Any CPU
		{2F4A0FC5-D7F5-4467-AEF3-0A5BFF9C4275}.Debug|Any CPU.Build.0 = Debug|Any CPU
		{2F4A0FC5-D7F5-4467-AEF3-0A5BFF9C4275}.Release|Any CPU.ActiveCfg = Release|Any CPU
		{2F4A0FC5-D7F5-4467-AEF3-0A5BFF9C4275}.Release|Any CPU.Build.0 = Release|Any CPU
	EndGlobalSection
	GlobalSection(SolutionProperties) = preSolution
		HideSolutionNode = FALSE
	EndGlobalSection
	GlobalSection(ExtensibilityGlobals) = postSolution
		SolutionGuid = {48EE88D7-C4DD-4056-B5FF-4546ADF57B3A}
	EndGlobalSection
EndGlobal
